{
  "name": "MoneyMakingAssistant",
  "lockfileVersion": 3,
  "requires": true,
  "packages": {
    "": {
      "dependencies": {
        "Events": "SanjoSolutions/LuaEvents#npm-package"
      }
    },
    "node_modules/Events": {
      "resolved": "git+ssh://git@github.com/SanjoSolutions/LuaEvents.git#c5827df91ada7c14b65bbaa586072a70c1cd466f"
    }
  }
}
