{
  "name": "MoneyMakingAssistant",
  "version": "0.0.0",
  "lockfileVersion": 3,
  "requires": true,
  "packages": {
    "": {
      "version": "0.0.0",
      "dependencies": {
        "@sanjo-addons/array": "^2.0.1",
        "@sanjo-addons/bags": "^2.0.1",
        "@sanjo-addons/coroutine": "^2.0.0",
        "@sanjo-addons/events": "^2.0.0",
        "@sanjo-addons/library": "^0.5.0",
        "@sanjo-addons/set": "^1.1.0"
      }
    },
    "node_modules/@sanjo-addons/array": {
      "version": "2.0.1",
      "resolved": "https://registry.npmjs.org/@sanjo-addons/array/-/array-2.0.1.tgz",
      "integrity": "sha512-nkhPGKPNIE1AM8ZvOLrmYsNnm0mq4eBqKJu1N3gf8sSBsA2ib83W4pkC99mo9ytprgph8fDNyejelLqQYpzCTA==",
      "dependencies": {
        "@sanjo-addons/float": "^2.0.0",
        "@sanjo-addons/function": "^2.0.0",
        "@sanjo-addons/library": "^0.5.0",
        "@sanjo-addons/object": "^1.1.0"
      }
    },
    "node_modules/@sanjo-addons/bags": {
      "version": "2.0.1",
      "resolved": "https://registry.npmjs.org/@sanjo-addons/bags/-/bags-2.0.1.tgz",
      "integrity": "sha512-ABqFVcr/4mxPHqR0S4caHXBuOv2JkVmYqlzeNazsWtwudkCJPivMU4fw41UDfB4vpGk1cOF9EAeYvnvZ2gxniw==",
      "dependencies": {
        "@sanjo-addons/compatibility": "^2.0.0",
        "@sanjo-addons/library": "^0.5.0",
        "@sanjo-addons/set": "^1.1.0"
      }
    },
    "node_modules/@sanjo-addons/boolean": {
      "version": "2.0.0",
      "resolved": "https://registry.npmjs.org/@sanjo-addons/boolean/-/boolean-2.0.0.tgz",
      "integrity": "sha512-waKEhxW7LmV01UXSe+4J82/5zQ6kjwIFZUTccEO8p4to6xMjvcCPFH/1q+z791dHblQ+uSetmO9Yd8CbbdI14A==",
      "dependencies": {
        "@sanjo-addons/library": "^0.5.0"
      }
    },
    "node_modules/@sanjo-addons/caching": {
      "version": "2.0.0",
      "resolved": "https://registry.npmjs.org/@sanjo-addons/caching/-/caching-2.0.0.tgz",
      "integrity": "sha512-up1DTgvkQVUH6AFR3usR1Ljfs64+B0ciEiycRcTuGVyWdpHvcb42Nj3ue+WPktVuklasv9EofQuRMrK/QgX+8A==",
      "dependencies": {
        "@sanjo-addons/library": "^0.5.0"
      }
    },
    "node_modules/@sanjo-addons/compatibility": {
      "version": "2.0.0",
      "resolved": "https://registry.npmjs.org/@sanjo-addons/compatibility/-/compatibility-2.0.0.tgz",
      "integrity": "sha512-/NMI3YAshYI2sf4raZx/UkE4GfQ1VM4H2G1EiW9PsFyt81GvnG1ZKUJYJsLubJ7BKX22PGjIQQX75X2r/yNgnQ==",
      "dependencies": {
        "@sanjo-addons/array": "^2.0.1",
        "@sanjo-addons/boolean": "^2.0.0",
        "@sanjo-addons/caching": "^2.0.0",
        "@sanjo-addons/library": "^0.5.0"
      }
    },
    "node_modules/@sanjo-addons/coroutine": {
      "version": "2.0.0",
      "resolved": "https://registry.npmjs.org/@sanjo-addons/coroutine/-/coroutine-2.0.0.tgz",
      "integrity": "sha512-ZTLVsoAXcq8E/RJEgFl2YXb6GI/N9/628XsvvgGfBWGeN1anEcDYneTZxrf0Wg6yqC28TgBZ9DrnEy/A5GEYpA==",
      "dependencies": {
        "@sanjo-addons/library": "^0.5.0"
      }
    },
    "node_modules/@sanjo-addons/events": {
      "version": "2.0.0",
      "resolved": "https://registry.npmjs.org/@sanjo-addons/events/-/events-2.0.0.tgz",
      "integrity": "sha512-2tw2J3TToRRe6OPP/5cZov5V4w9RMF6Ug7Dxl2GA1Fjc+ioLvbwrkMltHnl7DaqEMwprnNGZG0aehqP8jawZFQ==",
      "dependencies": {
        "@sanjo-addons/array": "^2.0.1",
        "@sanjo-addons/coroutine": "^2.0.0",
        "@sanjo-addons/function": "^2.0.0",
        "@sanjo-addons/library": "^0.5.0",
        "@sanjo-addons/object": "^1.1.0",
        "@sanjo-addons/set": "^1.1.0"
      }
    },
    "node_modules/@sanjo-addons/float": {
      "version": "2.0.0",
      "resolved": "https://registry.npmjs.org/@sanjo-addons/float/-/float-2.0.0.tgz",
      "integrity": "sha512-Nlv7AwmJafvdgvzIluV3I4MMHr3TdAy8j+HfFQH4beiZJIAjx+H1Mhloc8xG7pNHVJPGeUi2t0iphIDTJh6IdQ==",
      "dependencies": {
        "@sanjo-addons/library": "^0.5.0"
      }
    },
    "node_modules/@sanjo-addons/function": {
      "version": "2.0.0",
      "resolved": "https://registry.npmjs.org/@sanjo-addons/function/-/function-2.0.0.tgz",
      "integrity": "sha512-oKmq3KGD7ehaL44g+YVjHXXqut3+5ME7cTT0LxgFW0gjPNzWmli+juzCfXHGaZkIDsBYIK+4xIdOxsePshQjhw==",
      "dependencies": {
        "@sanjo-addons/array": "^2.0.1",
        "@sanjo-addons/library": "^0.5.0"
      }
    },
    "node_modules/@sanjo-addons/library": {
      "version": "0.5.0",
      "resolved": "https://registry.npmjs.org/@sanjo-addons/library/-/library-0.5.0.tgz",
      "integrity": "sha512-gT4vfdi/dDGPzZnXg66ET1yAsiM0UEx/nP+bizgoOT5pbz08FDxLye0AJlDMEJLgvyTrZGTK7U0HziSywHd8/Q=="
    },
    "node_modules/@sanjo-addons/object": {
      "version": "1.1.0",
      "resolved": "https://registry.npmjs.org/@sanjo-addons/object/-/object-1.1.0.tgz",
      "integrity": "sha512-hlPGy5tJRTkAf9NTegM1Mx72CTB1yXZEX1UCAGeL5irVbrdZTzFcX7gfB94QreguJtz8H1ckUyKSLONZZbYgBg==",
      "dependencies": {
        "@sanjo-addons/boolean": "^2.0.0",
        "@sanjo-addons/library": "^0.5.0",
        "@sanjo-addons/set": "^1.1.0"
      }
    },
    "node_modules/@sanjo-addons/set": {
      "version": "1.1.1",
      "resolved": "https://registry.npmjs.org/@sanjo-addons/set/-/set-1.1.1.tgz",
      "integrity": "sha512-LMMvVfT+9hGdSRjeRwQQl6wSDGpAsRX08mtuGwhHh49tB7TbmKxD9ST3PdXhfnLuPhBdOtp4JZgAqRaKUl8Rqw==",
      "dependencies": {
        "@sanjo-addons/boolean": "^2.0.0",
        "@sanjo-addons/library": "^0.5.0",
        "@sanjo-addons/object": "^1.0.0"
      }
    }
  }
}
